
Microsoft Visual Studio Solution File, Format Version 12.00
# Visual Studio Version 16
VisualStudioVersion = 16.0.30309.148
MinimumVisualStudioVersion = 10.0.40219.1
Project("{FAE04EC0-301F-11D3-BF4B-00C04F79EFBC}") = "Part 6.5 - RockPaperScissors", "Part 6.5 - RockPaperScissors\Part 6.5 - RockPaperScissors.csproj", "{12FAD1CF-6648-456C-A07C-6469A8EAFF87}"
EndProject
Global
	GlobalSection(SolutionConfigurationPlatforms) = preSolution
		Debug|Any CPU = Debug|Any CPU
		Release|Any CPU = Release|Any CPU
	EndGlobalSection
	GlobalSection(ProjectConfigurationPlatforms) = postSolution
		{12FAD1CF-6648-456C-A07C-6469A8EAFF87}.Debug|Any CPU.ActiveCfg = Debug|Any CPU
		{12FAD1CF-6648-456C-A07C-6469A8EAFF87}.Debug|Any CPU.Build.0 = Debug|Any CPU
		{12FAD1CF-6648-456C-A07C-6469A8EAFF87}.Release|Any CPU.ActiveCfg = Release|Any CPU
		{12FAD1CF-6648-456C-A07C-6469A8EAFF87}.Release|Any CPU.Build.0 = Release|Any CPU
	EndGlobalSection
	GlobalSection(SolutionProperties) = preSolution
		HideSolutionNode = FALSE
	EndGlobalSection
	GlobalSection(ExtensibilityGlobals) = postSolution
		SolutionGuid = {935D8F6C-A5E5-40A3-A6A3-38310224A2B6}
	EndGlobalSection
EndGlobal
